
Microsoft Visual Studio Solution File, Format Version 12.00
# Visual Studio Version 16
VisualStudioVersion = 16.0.30907.101
MinimumVisualStudioVersion = 10.0.40219.1
Project("{9A19103F-16F7-4668-BE54-9A1E7A4F7556}") = "WebClient.Server", "WebClient\Server\WebClient.Server.csproj", "{D6A8F0EB-4F37-40F4-9302-AE5B14A23728}"
EndProject
Project("{9A19103F-16F7-4668-BE54-9A1E7A4F7556}") = "WebClient.Client", "WebClient\Client\WebClient.Client.csproj", "{4B527E43-5520-4324-AAAB-782C949D3B15}"
EndProject
Project("{9A19103F-16F7-4668-BE54-9A1E7A4F7556}") = "WebClient.Shared", "WebClient\Shared\WebClient.Shared.csproj", "{404B071D-8330-4F9F-B7C7-D8751F0CCCED}"
EndProject
Global
	GlobalSection(SolutionConfigurationPlatforms) = preSolution
		Debug|Any CPU = Debug|Any CPU
		Release|Any CPU = Release|Any CPU
	EndGlobalSection
	GlobalSection(ProjectConfigurationPlatforms) = postSolution
		{D6A8F0EB-4F37-40F4-9302-AE5B14A23728}.Debug|Any CPU.ActiveCfg = Debug|Any CPU
		{D6A8F0EB-4F37-40F4-9302-AE5B14A23728}.Debug|Any CPU.Build.0 = Debug|Any CPU
		{D6A8F0EB-4F37-40F4-9302-AE5B14A23728}.Release|Any CPU.ActiveCfg = Release|Any CPU
		{D6A8F0EB-4F37-40F4-9302-AE5B14A23728}.Release|Any CPU.Build.0 = Release|Any CPU
		{4B527E43-5520-4324-AAAB-782C949D3B15}.Debug|Any CPU.ActiveCfg = Debug|Any CPU
		{4B527E43-5520-4324-AAAB-782C949D3B15}.Debug|Any CPU.Build.0 = Debug|Any CPU
		{4B527E43-5520-4324-AAAB-782C949D3B15}.Release|Any CPU.ActiveCfg = Release|Any CPU
		{4B527E43-5520-4324-AAAB-782C949D3B15}.Release|Any CPU.Build.0 = Release|Any CPU
		{404B071D-8330-4F9F-B7C7-D8751F0CCCED}.Debug|Any CPU.ActiveCfg = Debug|Any CPU
		{404B071D-8330-4F9F-B7C7-D8751F0CCCED}.Debug|Any CPU.Build.0 = Debug|Any CPU
		{404B071D-8330-4F9F-B7C7-D8751F0CCCED}.Release|Any CPU.ActiveCfg = Release|Any CPU
		{404B071D-8330-4F9F-B7C7-D8751F0CCCED}.Release|Any CPU.Build.0 = Release|Any CPU
	EndGlobalSection
	GlobalSection(SolutionProperties) = preSolution
		HideSolutionNode = FALSE
	EndGlobalSection
	GlobalSection(ExtensibilityGlobals) = postSolution
		SolutionGuid = {1922BE0F-1DFA-4360-8B80-F0F3F60AB68D}
	EndGlobalSection
EndGlobal
